# THIS IS AN AUTOGENERATED FILE. DO NOT EDIT THIS FILE DIRECTLY.
# yarn lockfile v1


grakn-nodejs-migration-csv-example@1.0.0:
  version "1.0.0"
  dependencies:
    "@bazel/jasmine" latest
    grakn-client "https://repo.grakn.ai/repository/npm-snapshot-group/grakn-client/-/grakn-client-1.5.5-fe1647d3064e7049f39990baa4d15df4cf0ac5ac.tgz"
    jasmine-reporters "^2.3.2"
    papaparse "^4.6.3"
    stream-json "^1.1.4"
    xml-stream "^0.4.5"

