# THIS IS AN AUTOGENERATED FILE. DO NOT EDIT THIS FILE DIRECTLY.
# yarn lockfile v1


grakn-nodejs-migration-csv-example@1.0.0:
  version "1.0.0"
  dependencies:
    "@bazel/jasmine" latest
    grakn-client "https://repo.grakn.ai/repository/npm-snapshot-group/grakn-client/-/grakn-client-0.0.0-909ddeaa189d9e3c607695e426a77af03b6ac484.tgz"
    jasmine-reporters "^2.3.2"
    papaparse "^4.6.3"
    stream-json "^1.1.4"
    xml-stream "^0.4.5"

